
Microsoft Visual Studio Solution File, Format Version 12.00
# Visual Studio Version 16
VisualStudioVersion = 16.0.32929.386
MinimumVisualStudioVersion = 10.0.40219.1
Project("{9A19103F-16F7-4668-BE54-9A1E7A4F7556}") = "MovieApi", "MovieApi\MovieApi.csproj", "{C1613455-87D2-48FB-9B40-CA6593C57995}"
EndProject
Project("{9A19103F-16F7-4668-BE54-9A1E7A4F7556}") = "Model", "Model\Model.csproj", "{8C0DB2E5-0C04-43A4-809F-8DDDB71D4791}"
EndProject
Project("{9A19103F-16F7-4668-BE54-9A1E7A4F7556}") = "DAL", "DAL\DAL.csproj", "{7B22AE12-1B49-4148-BB7D-CAAA2B18F61B}"
EndProject
Project("{9A19103F-16F7-4668-BE54-9A1E7A4F7556}") = "SharedTools", "SharedTools\SharedTools.csproj", "{E9351FB8-0492-43EA-906B-4C9AE052DB50}"
EndProject
Project("{FAE04EC0-301F-11D3-BF4B-00C04F79EFBC}") = "MovieApi.Test", "MovieApi.Test\MovieApi.Test.csproj", "{75DE9F77-BD9F-411C-9D6C-E6687835ABD1}"
EndProject
Global
	GlobalSection(SolutionConfigurationPlatforms) = preSolution
		Debug|Any CPU = Debug|Any CPU
		Release|Any CPU = Release|Any CPU
	EndGlobalSection
	GlobalSection(ProjectConfigurationPlatforms) = postSolution
		{C1613455-87D2-48FB-9B40-CA6593C57995}.Debug|Any CPU.ActiveCfg = Debug|Any CPU
		{C1613455-87D2-48FB-9B40-CA6593C57995}.Debug|Any CPU.Build.0 = Debug|Any CPU
		{C1613455-87D2-48FB-9B40-CA6593C57995}.Release|Any CPU.ActiveCfg = Release|Any CPU
		{C1613455-87D2-48FB-9B40-CA6593C57995}.Release|Any CPU.Build.0 = Release|Any CPU
		{8C0DB2E5-0C04-43A4-809F-8DDDB71D4791}.Debug|Any CPU.ActiveCfg = Debug|Any CPU
		{8C0DB2E5-0C04-43A4-809F-8DDDB71D4791}.Debug|Any CPU.Build.0 = Debug|Any CPU
		{8C0DB2E5-0C04-43A4-809F-8DDDB71D4791}.Release|Any CPU.ActiveCfg = Release|Any CPU
		{8C0DB2E5-0C04-43A4-809F-8DDDB71D4791}.Release|Any CPU.Build.0 = Release|Any CPU
		{7B22AE12-1B49-4148-BB7D-CAAA2B18F61B}.Debug|Any CPU.ActiveCfg = Debug|Any CPU
		{7B22AE12-1B49-4148-BB7D-CAAA2B18F61B}.Debug|Any CPU.Build.0 = Debug|Any CPU
		{7B22AE12-1B49-4148-BB7D-CAAA2B18F61B}.Release|Any CPU.ActiveCfg = Release|Any CPU
		{7B22AE12-1B49-4148-BB7D-CAAA2B18F61B}.Release|Any CPU.Build.0 = Release|Any CPU
		{E9351FB8-0492-43EA-906B-4C9AE052DB50}.Debug|Any CPU.ActiveCfg = Debug|Any CPU
		{E9351FB8-0492-43EA-906B-4C9AE052DB50}.Debug|Any CPU.Build.0 = Debug|Any CPU
		{E9351FB8-0492-43EA-906B-4C9AE052DB50}.Release|Any CPU.ActiveCfg = Release|Any CPU
		{E9351FB8-0492-43EA-906B-4C9AE052DB50}.Release|Any CPU.Build.0 = Release|Any CPU
		{75DE9F77-BD9F-411C-9D6C-E6687835ABD1}.Debug|Any CPU.ActiveCfg = Debug|Any CPU
		{75DE9F77-BD9F-411C-9D6C-E6687835ABD1}.Debug|Any CPU.Build.0 = Debug|Any CPU
		{75DE9F77-BD9F-411C-9D6C-E6687835ABD1}.Release|Any CPU.ActiveCfg = Release|Any CPU
		{75DE9F77-BD9F-411C-9D6C-E6687835ABD1}.Release|Any CPU.Build.0 = Release|Any CPU
	EndGlobalSection
	GlobalSection(SolutionProperties) = preSolution
		HideSolutionNode = FALSE
	EndGlobalSection
	GlobalSection(ExtensibilityGlobals) = postSolution
		SolutionGuid = {56D9F6D9-FE99-453D-95C0-AE34BCC9B67D}
	EndGlobalSection
EndGlobal
